
Microsoft Visual Studio Solution File, Format Version 12.00
# Visual Studio Version 17
VisualStudioVersion = 17.0.31903.59
MinimumVisualStudioVersion = 10.0.40219.1
Project("{2150E333-8FDC-42A3-9474-1A3956D46DE8}") = "Day 1", "Day 1", "{08443366-13CC-A938-142C-0608B90E85EA}"
EndProject
Project("{FAE04EC0-301F-11D3-BF4B-00C04F79EFBC}") = "Day1Exercise", "Day 1\Day1Exercise\Day1Exercise.csproj", "{77CAF878-9FD3-4EFD-9ACB-D356875B734A}"
EndProject
Project("{2150E333-8FDC-42A3-9474-1A3956D46DE8}") = "Day 2", "Day 2", "{38787AFC-8048-3E1D-D033-09441ECD9E15}"
EndProject
Project("{FAE04EC0-301F-11D3-BF4B-00C04F79EFBC}") = "Day2Exercise", "Day 2\Day2Exercise\Day2Exercise.csproj", "{566E4561-2C0B-49B2-B752-953D48F68DBB}"
EndProject
Project("{2150E333-8FDC-42A3-9474-1A3956D46DE8}") = "Day 3", "Day 3", "{C61DC945-BE16-E287-CBD7-A87D21CFA67B}"
EndProject
Project("{FAE04EC0-301F-11D3-BF4B-00C04F79EFBC}") = "Day3Exercise", "Day 3\Day3Exercise\Day3Exercise.csproj", "{46D78F4F-8298-491A-AA96-0E413C7959A4}"
EndProject
Project("{FAE04EC0-301F-11D3-BF4B-00C04F79EFBC}") = "ConsoleApp1", "ConsoleApp1\ConsoleApp1.csproj", "{DF721E12-59B1-4AEC-B1BF-AA4B3795F6FE}"
EndProject
Project("{2150E333-8FDC-42A3-9474-1A3956D46DE8}") = "Day 4", "Day 4", "{996097B5-D7F6-CE2C-4749-53E69B91CBE9}"
EndProject
Project("{FAE04EC0-301F-11D3-BF4B-00C04F79EFBC}") = "WebApplication1", "Day 4\WebApplication1\WebApplication1.csproj", "{ECA94BD2-0FB3-4C10-97B6-7F4965E6412D}"
EndProject
Project("{FAE04EC0-301F-11D3-BF4B-00C04F79EFBC}") = "ConsoleApp2", "ConsoleApp2\ConsoleApp2.csproj", "{E583EDA4-1E61-4F81-83B9-D84205E798CF}"
EndProject
Global
	GlobalSection(SolutionConfigurationPlatforms) = preSolution
		Debug|Any CPU = Debug|Any CPU
		Debug|x64 = Debug|x64
		Debug|x86 = Debug|x86
		Release|Any CPU = Release|Any CPU
		Release|x64 = Release|x64
		Release|x86 = Release|x86
	EndGlobalSection
	GlobalSection(ProjectConfigurationPlatforms) = postSolution
		{77CAF878-9FD3-4EFD-9ACB-D356875B734A}.Debug|Any CPU.ActiveCfg = Debug|Any CPU
		{77CAF878-9FD3-4EFD-9ACB-D356875B734A}.Debug|Any CPU.Build.0 = Debug|Any CPU
		{77CAF878-9FD3-4EFD-9ACB-D356875B734A}.Debug|x64.ActiveCfg = Debug|Any CPU
		{77CAF878-9FD3-4EFD-9ACB-D356875B734A}.Debug|x64.Build.0 = Debug|Any CPU
		{77CAF878-9FD3-4EFD-9ACB-D356875B734A}.Debug|x86.ActiveCfg = Debug|Any CPU
		{77CAF878-9FD3-4EFD-9ACB-D356875B734A}.Debug|x86.Build.0 = Debug|Any CPU
		{77CAF878-9FD3-4EFD-9ACB-D356875B734A}.Release|Any CPU.ActiveCfg = Release|Any CPU
		{77CAF878-9FD3-4EFD-9ACB-D356875B734A}.Release|Any CPU.Build.0 = Release|Any CPU
		{77CAF878-9FD3-4EFD-9ACB-D356875B734A}.Release|x64.ActiveCfg = Release|Any CPU
		{77CAF878-9FD3-4EFD-9ACB-D356875B734A}.Release|x64.Build.0 = Release|Any CPU
		{77CAF878-9FD3-4EFD-9ACB-D356875B734A}.Release|x86.ActiveCfg = Release|Any CPU
		{77CAF878-9FD3-4EFD-9ACB-D356875B734A}.Release|x86.Build.0 = Release|Any CPU
		{566E4561-2C0B-49B2-B752-953D48F68DBB}.Debug|Any CPU.ActiveCfg = Debug|Any CPU
		{566E4561-2C0B-49B2-B752-953D48F68DBB}.Debug|Any CPU.Build.0 = Debug|Any CPU
		{566E4561-2C0B-49B2-B752-953D48F68DBB}.Debug|x64.ActiveCfg = Debug|Any CPU
		{566E4561-2C0B-49B2-B752-953D48F68DBB}.Debug|x64.Build.0 = Debug|Any CPU
		{566E4561-2C0B-49B2-B752-953D48F68DBB}.Debug|x86.ActiveCfg = Debug|Any CPU
		{566E4561-2C0B-49B2-B752-953D48F68DBB}.Debug|x86.Build.0 = Debug|Any CPU
		{566E4561-2C0B-49B2-B752-953D48F68DBB}.Release|Any CPU.ActiveCfg = Release|Any CPU
		{566E4561-2C0B-49B2-B752-953D48F68DBB}.Release|Any CPU.Build.0 = Release|Any CPU
		{566E4561-2C0B-49B2-B752-953D48F68DBB}.Release|x64.ActiveCfg = Release|Any CPU
		{566E4561-2C0B-49B2-B752-953D48F68DBB}.Release|x64.Build.0 = Release|Any CPU
		{566E4561-2C0B-49B2-B752-953D48F68DBB}.Release|x86.ActiveCfg = Release|Any CPU
		{566E4561-2C0B-49B2-B752-953D48F68DBB}.Release|x86.Build.0 = Release|Any CPU
		{46D78F4F-8298-491A-AA96-0E413C7959A4}.Debug|Any CPU.ActiveCfg = Debug|Any CPU
		{46D78F4F-8298-491A-AA96-0E413C7959A4}.Debug|Any CPU.Build.0 = Debug|Any CPU
		{46D78F4F-8298-491A-AA96-0E413C7959A4}.Debug|x64.ActiveCfg = Debug|Any CPU
		{46D78F4F-8298-491A-AA96-0E413C7959A4}.Debug|x64.Build.0 = Debug|Any CPU
		{46D78F4F-8298-491A-AA96-0E413C7959A4}.Debug|x86.ActiveCfg = Debug|Any CPU
		{46D78F4F-8298-491A-AA96-0E413C7959A4}.Debug|x86.Build.0 = Debug|Any CPU
		{46D78F4F-8298-491A-AA96-0E413C7959A4}.Release|Any CPU.ActiveCfg = Release|Any CPU
		{46D78F4F-8298-491A-AA96-0E413C7959A4}.Release|Any CPU.Build.0 = Release|Any CPU
		{46D78F4F-8298-491A-AA96-0E413C7959A4}.Release|x64.ActiveCfg = Release|Any CPU
		{46D78F4F-8298-491A-AA96-0E413C7959A4}.Release|x64.Build.0 = Release|Any CPU
		{46D78F4F-8298-491A-AA96-0E413C7959A4}.Release|x86.ActiveCfg = Release|Any CPU
		{46D78F4F-8298-491A-AA96-0E413C7959A4}.Release|x86.Build.0 = Release|Any CPU
		{DF721E12-59B1-4AEC-B1BF-AA4B3795F6FE}.Debug|Any CPU.ActiveCfg = Debug|Any CPU
		{DF721E12-59B1-4AEC-B1BF-AA4B3795F6FE}.Debug|Any CPU.Build.0 = Debug|Any CPU
		{DF721E12-59B1-4AEC-B1BF-AA4B3795F6FE}.Debug|x64.ActiveCfg = Debug|Any CPU
		{DF721E12-59B1-4AEC-B1BF-AA4B3795F6FE}.Debug|x64.Build.0 = Debug|Any CPU
		{DF721E12-59B1-4AEC-B1BF-AA4B3795F6FE}.Debug|x86.ActiveCfg = Debug|Any CPU
		{DF721E12-59B1-4AEC-B1BF-AA4B3795F6FE}.Debug|x86.Build.0 = Debug|Any CPU
		{DF721E12-59B1-4AEC-B1BF-AA4B3795F6FE}.Release|Any CPU.ActiveCfg = Release|Any CPU
		{DF721E12-59B1-4AEC-B1BF-AA4B3795F6FE}.Release|Any CPU.Build.0 = Release|Any CPU
		{DF721E12-59B1-4AEC-B1BF-AA4B3795F6FE}.Release|x64.ActiveCfg = Release|Any CPU
		{DF721E12-59B1-4AEC-B1BF-AA4B3795F6FE}.Release|x64.Build.0 = Release|Any CPU
		{DF721E12-59B1-4AEC-B1BF-AA4B3795F6FE}.Release|x86.ActiveCfg = Release|Any CPU
		{DF721E12-59B1-4AEC-B1BF-AA4B3795F6FE}.Release|x86.Build.0 = Release|Any CPU
		{ECA94BD2-0FB3-4C10-97B6-7F4965E6412D}.Debug|Any CPU.ActiveCfg = Debug|Any CPU
		{ECA94BD2-0FB3-4C10-97B6-7F4965E6412D}.Debug|Any CPU.Build.0 = Debug|Any CPU
		{ECA94BD2-0FB3-4C10-97B6-7F4965E6412D}.Debug|x64.ActiveCfg = Debug|Any CPU
		{ECA94BD2-0FB3-4C10-97B6-7F4965E6412D}.Debug|x64.Build.0 = Debug|Any CPU
		{ECA94BD2-0FB3-4C10-97B6-7F4965E6412D}.Debug|x86.ActiveCfg = Debug|Any CPU
		{ECA94BD2-0FB3-4C10-97B6-7F4965E6412D}.Debug|x86.Build.0 = Debug|Any CPU
		{ECA94BD2-0FB3-4C10-97B6-7F4965E6412D}.Release|Any CPU.ActiveCfg = Release|Any CPU
		{ECA94BD2-0FB3-4C10-97B6-7F4965E6412D}.Release|Any CPU.Build.0 = Release|Any CPU
		{ECA94BD2-0FB3-4C10-97B6-7F4965E6412D}.Release|x64.ActiveCfg = Release|Any CPU
		{ECA94BD2-0FB3-4C10-97B6-7F4965E6412D}.Release|x64.Build.0 = Release|Any CPU
		{ECA94BD2-0FB3-4C10-97B6-7F4965E6412D}.Release|x86.ActiveCfg = Release|Any CPU
		{ECA94BD2-0FB3-4C10-97B6-7F4965E6412D}.Release|x86.Build.0 = Release|Any CPU
		{E583EDA4-1E61-4F81-83B9-D84205E798CF}.Debug|Any CPU.ActiveCfg = Debug|Any CPU
		{E583EDA4-1E61-4F81-83B9-D84205E798CF}.Debug|Any CPU.Build.0 = Debug|Any CPU
		{E583EDA4-1E61-4F81-83B9-D84205E798CF}.Debug|x64.ActiveCfg = Debug|Any CPU
		{E583EDA4-1E61-4F81-83B9-D84205E798CF}.Debug|x64.Build.0 = Debug|Any CPU
		{E583EDA4-1E61-4F81-83B9-D84205E798CF}.Debug|x86.ActiveCfg = Debug|Any CPU
		{E583EDA4-1E61-4F81-83B9-D84205E798CF}.Debug|x86.Build.0 = Debug|Any CPU
		{E583EDA4-1E61-4F81-83B9-D84205E798CF}.Release|Any CPU.ActiveCfg = Release|Any CPU
		{E583EDA4-1E61-4F81-83B9-D84205E798CF}.Release|Any CPU.Build.0 = Release|Any CPU
		{E583EDA4-1E61-4F81-83B9-D84205E798CF}.Release|x64.ActiveCfg = Release|Any CPU
		{E583EDA4-1E61-4F81-83B9-D84205E798CF}.Release|x64.Build.0 = Release|Any CPU
		{E583EDA4-1E61-4F81-83B9-D84205E798CF}.Release|x86.ActiveCfg = Release|Any CPU
		{E583EDA4-1E61-4F81-83B9-D84205E798CF}.Release|x86.Build.0 = Release|Any CPU
	EndGlobalSection
	GlobalSection(SolutionProperties) = preSolution
		HideSolutionNode = FALSE
	EndGlobalSection
	GlobalSection(NestedProjects) = preSolution
		{77CAF878-9FD3-4EFD-9ACB-D356875B734A} = {08443366-13CC-A938-142C-0608B90E85EA}
		{566E4561-2C0B-49B2-B752-953D48F68DBB} = {38787AFC-8048-3E1D-D033-09441ECD9E15}
		{46D78F4F-8298-491A-AA96-0E413C7959A4} = {C61DC945-BE16-E287-CBD7-A87D21CFA67B}
		{ECA94BD2-0FB3-4C10-97B6-7F4965E6412D} = {996097B5-D7F6-CE2C-4749-53E69B91CBE9}
	EndGlobalSection
EndGlobal
